Microsoft Visual Studio Solution File, Format Version 11.00
# Visual Studio 2010
Project("{E097FAD1-6243-4DAD-9C02-E9B9EFC3FFC1}") = "Assembly-CSharp", "Assembly-CSharp.csproj", "{3247A99A-FCEA-EA8A-B3DF-47EFD279C985}"
EndProject
Project("{E097FAD1-6243-4DAD-9C02-E9B9EFC3FFC1}") = "Assembly-CSharp-Editor-firstpass", "Assembly-CSharp-Editor-firstpass.csproj", "{6B562A11-B656-ABB2-8EB6-5D6D90C06F93}"
EndProject
Global
	GlobalSection(SolutionConfigurationPlatforms) = preSolution
		Debug|Any CPU = Debug|Any CPU
		Release|Any CPU = Release|Any CPU
	EndGlobalSection
	GlobalSection(ProjectConfigurationPlatforms) = postSolution
		{3247A99A-FCEA-EA8A-B3DF-47EFD279C985}.Debug|Any CPU.ActiveCfg = Debug|Any CPU
		{3247A99A-FCEA-EA8A-B3DF-47EFD279C985}.Debug|Any CPU.Build.0 = Debug|Any CPU
		{3247A99A-FCEA-EA8A-B3DF-47EFD279C985}.Release|Any CPU.ActiveCfg = Release|Any CPU
		{3247A99A-FCEA-EA8A-B3DF-47EFD279C985}.Release|Any CPU.Build.0 = Release|Any CPU
		{6B562A11-B656-ABB2-8EB6-5D6D90C06F93}.Debug|Any CPU.ActiveCfg = Debug|Any CPU
		{6B562A11-B656-ABB2-8EB6-5D6D90C06F93}.Debug|Any CPU.Build.0 = Debug|Any CPU
		{6B562A11-B656-ABB2-8EB6-5D6D90C06F93}.Release|Any CPU.ActiveCfg = Release|Any CPU
		{6B562A11-B656-ABB2-8EB6-5D6D90C06F93}.Release|Any CPU.Build.0 = Release|Any CPU
	EndGlobalSection
	GlobalSection(SolutionProperties) = preSolution
		HideSolutionNode = FALSE
	EndGlobalSection
	GlobalSection(MonoDevelopProperties) = preSolution
		StartupItem = Assembly-CSharp.csproj
	EndGlobalSection
EndGlobal
